
Microsoft Visual Studio Solution File, Format Version 12.00
Project("{FAE04EC0-301F-11D3-BF4B-00C04F79EFBC}") = "P13460.Program", "P13460.Program\P13460.Program.csproj", "{D36AC946-5B4C-4A74-9F60-138BC6B29B38}"
EndProject
Project("{FAE04EC0-301F-11D3-BF4B-00C04F79EFBC}") = "P13460.Test", "P13460.Test\P13460.Test.csproj", "{4383A71E-EE45-48D5-AFF0-58FA8AB89B34}"
EndProject
Project("{2150E333-8FDC-42A3-9474-1A3956D46DE8}") = "P13460", "P13460", "{9B7864A8-2F29-4A0C-AB4D-5B638AA7799E}"
EndProject
Project("{2150E333-8FDC-42A3-9474-1A3956D46DE8}") = "P2293", "P2293", "{07E8DEC9-8C86-48DD-9FC5-BE2A38651390}"
EndProject
Project("{FAE04EC0-301F-11D3-BF4B-00C04F79EFBC}") = "P2293.Program", "P2293.Program\P2293.Program.csproj", "{B783CE5C-7FFC-4BAF-B366-47A604828CBD}"
EndProject
Project("{FAE04EC0-301F-11D3-BF4B-00C04F79EFBC}") = "P2293.Test", "P2293.Test\P2293.Test.csproj", "{457103F6-C4E4-4D41-AFED-E2D6C043063D}"
EndProject
Project("{FAE04EC0-301F-11D3-BF4B-00C04F79EFBC}") = "Template", "Template\Template.csproj", "{D0517C51-24AE-4510-92F8-A8835C3B6037}"
EndProject
Project("{2150E333-8FDC-42A3-9474-1A3956D46DE8}") = "P1003", "P1003", "{93BF4F29-3799-4AA6-A1DD-985017CFADC8}"
EndProject
Project("{FAE04EC0-301F-11D3-BF4B-00C04F79EFBC}") = "P1003.Program", "P1003.Program\P1003.Program.csproj", "{93E4EF94-FE78-4A2E-A254-EB52B152A8E6}"
EndProject
Project("{2150E333-8FDC-42A3-9474-1A3956D46DE8}") = "P1005", "P1005", "{E950368C-7D5C-47C6-AF26-03FDD13FD247}"
EndProject
Project("{FAE04EC0-301F-11D3-BF4B-00C04F79EFBC}") = "P1005.Program", "P1005.Program\P1005.Program.csproj", "{4EF9941C-25ED-4912-89DB-87A7E540CB0B}"
EndProject
Project("{FAE04EC0-301F-11D3-BF4B-00C04F79EFBC}") = "P1005.Test", "P1005.Test\P1005.Test.csproj", "{4E428CE5-ABC2-41AF-82FA-1BF5602F5108}"
EndProject
Project("{2150E333-8FDC-42A3-9474-1A3956D46DE8}") = "P1014", "P1014", "{6EDF38B3-BD4C-4493-855A-7E35399DBDC6}"
EndProject
Project("{FAE04EC0-301F-11D3-BF4B-00C04F79EFBC}") = "P1014.Program", "P1014.Program\P1014.Program.csproj", "{92266AA0-4396-48A2-97ED-288022E5E4FF}"
EndProject
Project("{FAE04EC0-301F-11D3-BF4B-00C04F79EFBC}") = "P1014.Test", "P1014.Test\P1014.Test.csproj", "{DED67753-8139-45C0-8D35-1B4C6FCCBA18}"
EndProject
Project("{2150E333-8FDC-42A3-9474-1A3956D46DE8}") = "P2188", "P2188", "{0985C501-B5B0-4D56-81ED-9C2DC77428E6}"
EndProject
Project("{FAE04EC0-301F-11D3-BF4B-00C04F79EFBC}") = "P2188.Test", "P2188.Test\P2188.Test.csproj", "{7FE4B023-28EA-40DD-BF00-AE94DB84A2FC}"
EndProject
Project("{FAE04EC0-301F-11D3-BF4B-00C04F79EFBC}") = "P2188.Program", "P2188.Program\P2188.Program.csproj", "{6E6EC3F3-64AB-4B51-89DB-C3D826A14237}"
EndProject
Project("{2150E333-8FDC-42A3-9474-1A3956D46DE8}") = "P9576", "P9576", "{1E286726-B1D7-4D1E-9ACF-85B60CA7AE52}"
EndProject
Project("{FAE04EC0-301F-11D3-BF4B-00C04F79EFBC}") = "P9576.Program", "P9576.Program\P9576.Program.csproj", "{2A0D90B9-EF10-4421-B3C9-BB040FE28298}"
EndProject
Global
	GlobalSection(SolutionConfigurationPlatforms) = preSolution
		Debug|Any CPU = Debug|Any CPU
		Release|Any CPU = Release|Any CPU
	EndGlobalSection
	GlobalSection(ProjectConfigurationPlatforms) = postSolution
		{D36AC946-5B4C-4A74-9F60-138BC6B29B38}.Debug|Any CPU.ActiveCfg = Debug|Any CPU
		{D36AC946-5B4C-4A74-9F60-138BC6B29B38}.Debug|Any CPU.Build.0 = Debug|Any CPU
		{D36AC946-5B4C-4A74-9F60-138BC6B29B38}.Release|Any CPU.ActiveCfg = Release|Any CPU
		{D36AC946-5B4C-4A74-9F60-138BC6B29B38}.Release|Any CPU.Build.0 = Release|Any CPU
		{4383A71E-EE45-48D5-AFF0-58FA8AB89B34}.Debug|Any CPU.ActiveCfg = Debug|Any CPU
		{4383A71E-EE45-48D5-AFF0-58FA8AB89B34}.Debug|Any CPU.Build.0 = Debug|Any CPU
		{4383A71E-EE45-48D5-AFF0-58FA8AB89B34}.Release|Any CPU.ActiveCfg = Release|Any CPU
		{4383A71E-EE45-48D5-AFF0-58FA8AB89B34}.Release|Any CPU.Build.0 = Release|Any CPU
		{B783CE5C-7FFC-4BAF-B366-47A604828CBD}.Debug|Any CPU.ActiveCfg = Debug|Any CPU
		{B783CE5C-7FFC-4BAF-B366-47A604828CBD}.Debug|Any CPU.Build.0 = Debug|Any CPU
		{B783CE5C-7FFC-4BAF-B366-47A604828CBD}.Release|Any CPU.ActiveCfg = Release|Any CPU
		{B783CE5C-7FFC-4BAF-B366-47A604828CBD}.Release|Any CPU.Build.0 = Release|Any CPU
		{457103F6-C4E4-4D41-AFED-E2D6C043063D}.Debug|Any CPU.ActiveCfg = Debug|Any CPU
		{457103F6-C4E4-4D41-AFED-E2D6C043063D}.Debug|Any CPU.Build.0 = Debug|Any CPU
		{457103F6-C4E4-4D41-AFED-E2D6C043063D}.Release|Any CPU.ActiveCfg = Release|Any CPU
		{457103F6-C4E4-4D41-AFED-E2D6C043063D}.Release|Any CPU.Build.0 = Release|Any CPU
		{D0517C51-24AE-4510-92F8-A8835C3B6037}.Debug|Any CPU.ActiveCfg = Debug|Any CPU
		{D0517C51-24AE-4510-92F8-A8835C3B6037}.Debug|Any CPU.Build.0 = Debug|Any CPU
		{D0517C51-24AE-4510-92F8-A8835C3B6037}.Release|Any CPU.ActiveCfg = Release|Any CPU
		{D0517C51-24AE-4510-92F8-A8835C3B6037}.Release|Any CPU.Build.0 = Release|Any CPU
		{93E4EF94-FE78-4A2E-A254-EB52B152A8E6}.Debug|Any CPU.ActiveCfg = Debug|Any CPU
		{93E4EF94-FE78-4A2E-A254-EB52B152A8E6}.Debug|Any CPU.Build.0 = Debug|Any CPU
		{93E4EF94-FE78-4A2E-A254-EB52B152A8E6}.Release|Any CPU.ActiveCfg = Release|Any CPU
		{93E4EF94-FE78-4A2E-A254-EB52B152A8E6}.Release|Any CPU.Build.0 = Release|Any CPU
		{4EF9941C-25ED-4912-89DB-87A7E540CB0B}.Debug|Any CPU.ActiveCfg = Debug|Any CPU
		{4EF9941C-25ED-4912-89DB-87A7E540CB0B}.Debug|Any CPU.Build.0 = Debug|Any CPU
		{4EF9941C-25ED-4912-89DB-87A7E540CB0B}.Release|Any CPU.ActiveCfg = Release|Any CPU
		{4EF9941C-25ED-4912-89DB-87A7E540CB0B}.Release|Any CPU.Build.0 = Release|Any CPU
		{4E428CE5-ABC2-41AF-82FA-1BF5602F5108}.Debug|Any CPU.ActiveCfg = Debug|Any CPU
		{4E428CE5-ABC2-41AF-82FA-1BF5602F5108}.Debug|Any CPU.Build.0 = Debug|Any CPU
		{4E428CE5-ABC2-41AF-82FA-1BF5602F5108}.Release|Any CPU.ActiveCfg = Release|Any CPU
		{4E428CE5-ABC2-41AF-82FA-1BF5602F5108}.Release|Any CPU.Build.0 = Release|Any CPU
		{92266AA0-4396-48A2-97ED-288022E5E4FF}.Debug|Any CPU.ActiveCfg = Debug|Any CPU
		{92266AA0-4396-48A2-97ED-288022E5E4FF}.Debug|Any CPU.Build.0 = Debug|Any CPU
		{92266AA0-4396-48A2-97ED-288022E5E4FF}.Release|Any CPU.ActiveCfg = Release|Any CPU
		{92266AA0-4396-48A2-97ED-288022E5E4FF}.Release|Any CPU.Build.0 = Release|Any CPU
		{DED67753-8139-45C0-8D35-1B4C6FCCBA18}.Debug|Any CPU.ActiveCfg = Debug|Any CPU
		{DED67753-8139-45C0-8D35-1B4C6FCCBA18}.Debug|Any CPU.Build.0 = Debug|Any CPU
		{DED67753-8139-45C0-8D35-1B4C6FCCBA18}.Release|Any CPU.ActiveCfg = Release|Any CPU
		{DED67753-8139-45C0-8D35-1B4C6FCCBA18}.Release|Any CPU.Build.0 = Release|Any CPU
		{7FE4B023-28EA-40DD-BF00-AE94DB84A2FC}.Debug|Any CPU.ActiveCfg = Debug|Any CPU
		{7FE4B023-28EA-40DD-BF00-AE94DB84A2FC}.Debug|Any CPU.Build.0 = Debug|Any CPU
		{7FE4B023-28EA-40DD-BF00-AE94DB84A2FC}.Release|Any CPU.ActiveCfg = Release|Any CPU
		{7FE4B023-28EA-40DD-BF00-AE94DB84A2FC}.Release|Any CPU.Build.0 = Release|Any CPU
		{6E6EC3F3-64AB-4B51-89DB-C3D826A14237}.Debug|Any CPU.ActiveCfg = Debug|Any CPU
		{6E6EC3F3-64AB-4B51-89DB-C3D826A14237}.Debug|Any CPU.Build.0 = Debug|Any CPU
		{6E6EC3F3-64AB-4B51-89DB-C3D826A14237}.Release|Any CPU.ActiveCfg = Release|Any CPU
		{6E6EC3F3-64AB-4B51-89DB-C3D826A14237}.Release|Any CPU.Build.0 = Release|Any CPU
		{2A0D90B9-EF10-4421-B3C9-BB040FE28298}.Debug|Any CPU.ActiveCfg = Debug|Any CPU
		{2A0D90B9-EF10-4421-B3C9-BB040FE28298}.Debug|Any CPU.Build.0 = Debug|Any CPU
		{2A0D90B9-EF10-4421-B3C9-BB040FE28298}.Release|Any CPU.ActiveCfg = Release|Any CPU
		{2A0D90B9-EF10-4421-B3C9-BB040FE28298}.Release|Any CPU.Build.0 = Release|Any CPU
	EndGlobalSection
	GlobalSection(NestedProjects) = preSolution
		{D36AC946-5B4C-4A74-9F60-138BC6B29B38} = {9B7864A8-2F29-4A0C-AB4D-5B638AA7799E}
		{4383A71E-EE45-48D5-AFF0-58FA8AB89B34} = {9B7864A8-2F29-4A0C-AB4D-5B638AA7799E}
		{B783CE5C-7FFC-4BAF-B366-47A604828CBD} = {07E8DEC9-8C86-48DD-9FC5-BE2A38651390}
		{457103F6-C4E4-4D41-AFED-E2D6C043063D} = {07E8DEC9-8C86-48DD-9FC5-BE2A38651390}
		{93E4EF94-FE78-4A2E-A254-EB52B152A8E6} = {93BF4F29-3799-4AA6-A1DD-985017CFADC8}
		{4EF9941C-25ED-4912-89DB-87A7E540CB0B} = {E950368C-7D5C-47C6-AF26-03FDD13FD247}
		{4E428CE5-ABC2-41AF-82FA-1BF5602F5108} = {E950368C-7D5C-47C6-AF26-03FDD13FD247}
		{92266AA0-4396-48A2-97ED-288022E5E4FF} = {6EDF38B3-BD4C-4493-855A-7E35399DBDC6}
		{DED67753-8139-45C0-8D35-1B4C6FCCBA18} = {6EDF38B3-BD4C-4493-855A-7E35399DBDC6}
		{7FE4B023-28EA-40DD-BF00-AE94DB84A2FC} = {0985C501-B5B0-4D56-81ED-9C2DC77428E6}
		{6E6EC3F3-64AB-4B51-89DB-C3D826A14237} = {0985C501-B5B0-4D56-81ED-9C2DC77428E6}
		{2A0D90B9-EF10-4421-B3C9-BB040FE28298} = {1E286726-B1D7-4D1E-9ACF-85B60CA7AE52}
	EndGlobalSection
EndGlobal
